
Microsoft Visual Studio Solution File, Format Version 12.00
# Visual Studio Version 16
VisualStudioVersion = 16.0.33214.272
MinimumVisualStudioVersion = 10.0.40219.1
Project("{FAE04EC0-301F-11D3-BF4B-00C04F79EFBC}") = "TempHumi-ex", "TempHumi-ex\TempHumi-ex.csproj", "{94726A3C-12DB-4F10-BD9E-3B812B96E454}"
EndProject
Global
	GlobalSection(SolutionConfigurationPlatforms) = preSolution
		Debug|Any CPU = Debug|Any CPU
		Release|Any CPU = Release|Any CPU
	EndGlobalSection
	GlobalSection(ProjectConfigurationPlatforms) = postSolution
		{94726A3C-12DB-4F10-BD9E-3B812B96E454}.Debug|Any CPU.ActiveCfg = Debug|Any CPU
		{94726A3C-12DB-4F10-BD9E-3B812B96E454}.Debug|Any CPU.Build.0 = Debug|Any CPU
		{94726A3C-12DB-4F10-BD9E-3B812B96E454}.Release|Any CPU.ActiveCfg = Release|Any CPU
		{94726A3C-12DB-4F10-BD9E-3B812B96E454}.Release|Any CPU.Build.0 = Release|Any CPU
	EndGlobalSection
	GlobalSection(SolutionProperties) = preSolution
		HideSolutionNode = FALSE
	EndGlobalSection
	GlobalSection(ExtensibilityGlobals) = postSolution
		SolutionGuid = {A5381055-DB12-491A-9266-794030FD0278}
	EndGlobalSection
EndGlobal
